
Microsoft Visual Studio Solution File, Format Version 12.00
# Visual Studio Version 17
VisualStudioVersion = 17.0.32014.148
MinimumVisualStudioVersion = 10.0.40219.1
Project("{9A19103F-16F7-4668-BE54-9A1E7A4F7556}") = "VirtualChat.Repository", "VirtualChat.Repository\VirtualChat.Repository.csproj", "{0A92199D-4080-4958-8565-AE073E102EEB}"
EndProject
Project("{9A19103F-16F7-4668-BE54-9A1E7A4F7556}") = "VirtualChat.API", "VirtualChat.API\VirtualChat.API.csproj", "{E28E78AD-0A41-4C16-A561-8EEF6D7DCDF2}"
EndProject
Project("{9A19103F-16F7-4668-BE54-9A1E7A4F7556}") = "VirtualChat.Domain", "VirtualChat.Domain\VirtualChat.Domain.csproj", "{EFC258E2-9313-49E9-BCB8-86ACDA6B10B7}"
EndProject
Project("{9A19103F-16F7-4668-BE54-9A1E7A4F7556}") = "VirtualChat.Services", "VirtualChat.Services\VirtualChat.Services.csproj", "{F198F11F-0A9A-4163-B8A9-C15DDB85E9FD}"
EndProject
Project("{FAE04EC0-301F-11D3-BF4B-00C04F79EFBC}") = "VirtualChat.Core", "VirtualChat.Core\VirtualChat.Core.csproj", "{D3A77AA9-CDD1-415F-B824-94C7F6EEFE09}"
EndProject
Global
	GlobalSection(SolutionConfigurationPlatforms) = preSolution
		Debug|Any CPU = Debug|Any CPU
		Release|Any CPU = Release|Any CPU
	EndGlobalSection
	GlobalSection(ProjectConfigurationPlatforms) = postSolution
		{0A92199D-4080-4958-8565-AE073E102EEB}.Debug|Any CPU.ActiveCfg = Debug|Any CPU
		{0A92199D-4080-4958-8565-AE073E102EEB}.Debug|Any CPU.Build.0 = Debug|Any CPU
		{0A92199D-4080-4958-8565-AE073E102EEB}.Release|Any CPU.ActiveCfg = Release|Any CPU
		{0A92199D-4080-4958-8565-AE073E102EEB}.Release|Any CPU.Build.0 = Release|Any CPU
		{E28E78AD-0A41-4C16-A561-8EEF6D7DCDF2}.Debug|Any CPU.ActiveCfg = Debug|Any CPU
		{E28E78AD-0A41-4C16-A561-8EEF6D7DCDF2}.Debug|Any CPU.Build.0 = Debug|Any CPU
		{E28E78AD-0A41-4C16-A561-8EEF6D7DCDF2}.Release|Any CPU.ActiveCfg = Release|Any CPU
		{E28E78AD-0A41-4C16-A561-8EEF6D7DCDF2}.Release|Any CPU.Build.0 = Release|Any CPU
		{EFC258E2-9313-49E9-BCB8-86ACDA6B10B7}.Debug|Any CPU.ActiveCfg = Debug|Any CPU
		{EFC258E2-9313-49E9-BCB8-86ACDA6B10B7}.Debug|Any CPU.Build.0 = Debug|Any CPU
		{EFC258E2-9313-49E9-BCB8-86ACDA6B10B7}.Release|Any CPU.ActiveCfg = Release|Any CPU
		{EFC258E2-9313-49E9-BCB8-86ACDA6B10B7}.Release|Any CPU.Build.0 = Release|Any CPU
		{F198F11F-0A9A-4163-B8A9-C15DDB85E9FD}.Debug|Any CPU.ActiveCfg = Debug|Any CPU
		{F198F11F-0A9A-4163-B8A9-C15DDB85E9FD}.Debug|Any CPU.Build.0 = Debug|Any CPU
		{F198F11F-0A9A-4163-B8A9-C15DDB85E9FD}.Release|Any CPU.ActiveCfg = Release|Any CPU
		{F198F11F-0A9A-4163-B8A9-C15DDB85E9FD}.Release|Any CPU.Build.0 = Release|Any CPU
		{D3A77AA9-CDD1-415F-B824-94C7F6EEFE09}.Debug|Any CPU.ActiveCfg = Debug|Any CPU
		{D3A77AA9-CDD1-415F-B824-94C7F6EEFE09}.Debug|Any CPU.Build.0 = Debug|Any CPU
		{D3A77AA9-CDD1-415F-B824-94C7F6EEFE09}.Release|Any CPU.ActiveCfg = Release|Any CPU
		{D3A77AA9-CDD1-415F-B824-94C7F6EEFE09}.Release|Any CPU.Build.0 = Release|Any CPU
	EndGlobalSection
	GlobalSection(SolutionProperties) = preSolution
		HideSolutionNode = FALSE
	EndGlobalSection
	GlobalSection(ExtensibilityGlobals) = postSolution
		SolutionGuid = {DC893511-34C1-433B-883F-424C357BCEDE}
	EndGlobalSection
EndGlobal
